
Microsoft Visual Studio Solution File, Format Version 12.00
# Visual Studio 15
VisualStudioVersion = 15.0.27703.2026
MinimumVisualStudioVersion = 10.0.40219.1
Project("{FAE04EC0-301F-11D3-BF4B-00C04F79EFBC}") = "MobileApp.Android", "MobileApp\MobileApp.Android\MobileApp.Android.csproj", "{BA067426-79AA-4C44-90FF-1D9A0E697271}"
EndProject
Project("{FAE04EC0-301F-11D3-BF4B-00C04F79EFBC}") = "MobileApp.iOS", "MobileApp\MobileApp.iOS\MobileApp.iOS.csproj", "{D1297DD3-CC2D-47E0-81D1-FEA27422910F}"
EndProject
Project("{D954291E-2A0B-460D-934E-DC6B0785DB48}") = "MobileApp", "MobileApp\MobileApp\MobileApp.shproj", "{1652068D-735F-47D8-A350-297408C9D5E4}"
EndProject
Global
	GlobalSection(SharedMSBuildProjectFiles) = preSolution
		MobileApp\MobileApp\MobileApp.projitems*{1652068d-735f-47d8-a350-297408c9d5e4}*SharedItemsImports = 13
		MobileApp\MobileApp\MobileApp.projitems*{ba067426-79aa-4c44-90ff-1d9a0e697271}*SharedItemsImports = 4
		MobileApp\MobileApp\MobileApp.projitems*{d1297dd3-cc2d-47e0-81d1-fea27422910f}*SharedItemsImports = 4
	EndGlobalSection
	GlobalSection(SolutionConfigurationPlatforms) = preSolution
		Ad-Hoc|Any CPU = Ad-Hoc|Any CPU
		Ad-Hoc|iPhone = Ad-Hoc|iPhone
		Ad-Hoc|iPhoneSimulator = Ad-Hoc|iPhoneSimulator
		AppStore|Any CPU = AppStore|Any CPU
		AppStore|iPhone = AppStore|iPhone
		AppStore|iPhoneSimulator = AppStore|iPhoneSimulator
		Debug|Any CPU = Debug|Any CPU
		Debug|iPhone = Debug|iPhone
		Debug|iPhoneSimulator = Debug|iPhoneSimulator
		Release|Any CPU = Release|Any CPU
		Release|iPhone = Release|iPhone
		Release|iPhoneSimulator = Release|iPhoneSimulator
	EndGlobalSection
	GlobalSection(ProjectConfigurationPlatforms) = postSolution
		{BA067426-79AA-4C44-90FF-1D9A0E697271}.Ad-Hoc|Any CPU.ActiveCfg = Release|Any CPU
		{BA067426-79AA-4C44-90FF-1D9A0E697271}.Ad-Hoc|Any CPU.Build.0 = Release|Any CPU
		{BA067426-79AA-4C44-90FF-1D9A0E697271}.Ad-Hoc|Any CPU.Deploy.0 = Release|Any CPU
		{BA067426-79AA-4C44-90FF-1D9A0E697271}.Ad-Hoc|iPhone.ActiveCfg = Release|Any CPU
		{BA067426-79AA-4C44-90FF-1D9A0E697271}.Ad-Hoc|iPhone.Build.0 = Release|Any CPU
		{BA067426-79AA-4C44-90FF-1D9A0E697271}.Ad-Hoc|iPhone.Deploy.0 = Release|Any CPU
		{BA067426-79AA-4C44-90FF-1D9A0E697271}.Ad-Hoc|iPhoneSimulator.ActiveCfg = Release|Any CPU
		{BA067426-79AA-4C44-90FF-1D9A0E697271}.Ad-Hoc|iPhoneSimulator.Build.0 = Release|Any CPU
		{BA067426-79AA-4C44-90FF-1D9A0E697271}.Ad-Hoc|iPhoneSimulator.Deploy.0 = Release|Any CPU
		{BA067426-79AA-4C44-90FF-1D9A0E697271}.AppStore|Any CPU.ActiveCfg = Release|Any CPU
		{BA067426-79AA-4C44-90FF-1D9A0E697271}.AppStore|Any CPU.Build.0 = Release|Any CPU
		{BA067426-79AA-4C44-90FF-1D9A0E697271}.AppStore|Any CPU.Deploy.0 = Release|Any CPU
		{BA067426-79AA-4C44-90FF-1D9A0E697271}.AppStore|iPhone.ActiveCfg = Release|Any CPU
		{BA067426-79AA-4C44-90FF-1D9A0E697271}.AppStore|iPhone.Build.0 = Release|Any CPU
		{BA067426-79AA-4C44-90FF-1D9A0E697271}.AppStore|iPhone.Deploy.0 = Release|Any CPU
		{BA067426-79AA-4C44-90FF-1D9A0E697271}.AppStore|iPhoneSimulator.ActiveCfg = Release|Any CPU
		{BA067426-79AA-4C44-90FF-1D9A0E697271}.AppStore|iPhoneSimulator.Build.0 = Release|Any CPU
		{BA067426-79AA-4C44-90FF-1D9A0E697271}.AppStore|iPhoneSimulator.Deploy.0 = Release|Any CPU
		{BA067426-79AA-4C44-90FF-1D9A0E697271}.Debug|Any CPU.ActiveCfg = Debug|Any CPU
		{BA067426-79AA-4C44-90FF-1D9A0E697271}.Debug|Any CPU.Build.0 = Debug|Any CPU
		{BA067426-79AA-4C44-90FF-1D9A0E697271}.Debug|Any CPU.Deploy.0 = Debug|Any CPU
		{BA067426-79AA-4C44-90FF-1D9A0E697271}.Debug|iPhone.ActiveCfg = Debug|Any CPU
		{BA067426-79AA-4C44-90FF-1D9A0E697271}.Debug|iPhone.Build.0 = Debug|Any CPU
		{BA067426-79AA-4C44-90FF-1D9A0E697271}.Debug|iPhone.Deploy.0 = Debug|Any CPU
		{BA067426-79AA-4C44-90FF-1D9A0E697271}.Debug|iPhoneSimulator.ActiveCfg = Debug|Any CPU
		{BA067426-79AA-4C44-90FF-1D9A0E697271}.Debug|iPhoneSimulator.Build.0 = Debug|Any CPU
		{BA067426-79AA-4C44-90FF-1D9A0E697271}.Debug|iPhoneSimulator.Deploy.0 = Debug|Any CPU
		{BA067426-79AA-4C44-90FF-1D9A0E697271}.Release|Any CPU.ActiveCfg = Release|Any CPU
		{BA067426-79AA-4C44-90FF-1D9A0E697271}.Release|Any CPU.Build.0 = Release|Any CPU
		{BA067426-79AA-4C44-90FF-1D9A0E697271}.Release|Any CPU.Deploy.0 = Release|Any CPU
		{BA067426-79AA-4C44-90FF-1D9A0E697271}.Release|iPhone.ActiveCfg = Release|Any CPU
		{BA067426-79AA-4C44-90FF-1D9A0E697271}.Release|iPhone.Build.0 = Release|Any CPU
		{BA067426-79AA-4C44-90FF-1D9A0E697271}.Release|iPhone.Deploy.0 = Release|Any CPU
		{BA067426-79AA-4C44-90FF-1D9A0E697271}.Release|iPhoneSimulator.ActiveCfg = Release|Any CPU
		{BA067426-79AA-4C44-90FF-1D9A0E697271}.Release|iPhoneSimulator.Build.0 = Release|Any CPU
		{BA067426-79AA-4C44-90FF-1D9A0E697271}.Release|iPhoneSimulator.Deploy.0 = Release|Any CPU
		{D1297DD3-CC2D-47E0-81D1-FEA27422910F}.Ad-Hoc|Any CPU.ActiveCfg = Ad-Hoc|iPhone
		{D1297DD3-CC2D-47E0-81D1-FEA27422910F}.Ad-Hoc|Any CPU.Build.0 = Ad-Hoc|iPhone
		{D1297DD3-CC2D-47E0-81D1-FEA27422910F}.Ad-Hoc|Any CPU.Deploy.0 = Ad-Hoc|iPhone
		{D1297DD3-CC2D-47E0-81D1-FEA27422910F}.Ad-Hoc|iPhone.ActiveCfg = Ad-Hoc|iPhone
		{D1297DD3-CC2D-47E0-81D1-FEA27422910F}.Ad-Hoc|iPhone.Build.0 = Ad-Hoc|iPhone
		{D1297DD3-CC2D-47E0-81D1-FEA27422910F}.Ad-Hoc|iPhone.Deploy.0 = Ad-Hoc|iPhone
		{D1297DD3-CC2D-47E0-81D1-FEA27422910F}.Ad-Hoc|iPhoneSimulator.ActiveCfg = Ad-Hoc|iPhoneSimulator
		{D1297DD3-CC2D-47E0-81D1-FEA27422910F}.Ad-Hoc|iPhoneSimulator.Build.0 = Ad-Hoc|iPhoneSimulator
		{D1297DD3-CC2D-47E0-81D1-FEA27422910F}.Ad-Hoc|iPhoneSimulator.Deploy.0 = Ad-Hoc|iPhoneSimulator
		{D1297DD3-CC2D-47E0-81D1-FEA27422910F}.AppStore|Any CPU.ActiveCfg = AppStore|iPhone
		{D1297DD3-CC2D-47E0-81D1-FEA27422910F}.AppStore|Any CPU.Build.0 = AppStore|iPhone
		{D1297DD3-CC2D-47E0-81D1-FEA27422910F}.AppStore|Any CPU.Deploy.0 = AppStore|iPhone
		{D1297DD3-CC2D-47E0-81D1-FEA27422910F}.AppStore|iPhone.ActiveCfg = AppStore|iPhone
		{D1297DD3-CC2D-47E0-81D1-FEA27422910F}.AppStore|iPhone.Build.0 = AppStore|iPhone
		{D1297DD3-CC2D-47E0-81D1-FEA27422910F}.AppStore|iPhone.Deploy.0 = AppStore|iPhone
		{D1297DD3-CC2D-47E0-81D1-FEA27422910F}.AppStore|iPhoneSimulator.ActiveCfg = AppStore|iPhoneSimulator
		{D1297DD3-CC2D-47E0-81D1-FEA27422910F}.AppStore|iPhoneSimulator.Build.0 = AppStore|iPhoneSimulator
		{D1297DD3-CC2D-47E0-81D1-FEA27422910F}.AppStore|iPhoneSimulator.Deploy.0 = AppStore|iPhoneSimulator
		{D1297DD3-CC2D-47E0-81D1-FEA27422910F}.Debug|Any CPU.ActiveCfg = Debug|iPhone
		{D1297DD3-CC2D-47E0-81D1-FEA27422910F}.Debug|Any CPU.Deploy.0 = Debug|iPhone
		{D1297DD3-CC2D-47E0-81D1-FEA27422910F}.Debug|iPhone.ActiveCfg = Debug|iPhone
		{D1297DD3-CC2D-47E0-81D1-FEA27422910F}.Debug|iPhone.Build.0 = Debug|iPhone
		{D1297DD3-CC2D-47E0-81D1-FEA27422910F}.Debug|iPhone.Deploy.0 = Debug|iPhone
		{D1297DD3-CC2D-47E0-81D1-FEA27422910F}.Debug|iPhoneSimulator.ActiveCfg = Debug|iPhoneSimulator
		{D1297DD3-CC2D-47E0-81D1-FEA27422910F}.Debug|iPhoneSimulator.Build.0 = Debug|iPhoneSimulator
		{D1297DD3-CC2D-47E0-81D1-FEA27422910F}.Debug|iPhoneSimulator.Deploy.0 = Debug|iPhoneSimulator
		{D1297DD3-CC2D-47E0-81D1-FEA27422910F}.Release|Any CPU.ActiveCfg = Release|iPhone
		{D1297DD3-CC2D-47E0-81D1-FEA27422910F}.Release|Any CPU.Build.0 = Release|iPhone
		{D1297DD3-CC2D-47E0-81D1-FEA27422910F}.Release|Any CPU.Deploy.0 = Release|iPhone
		{D1297DD3-CC2D-47E0-81D1-FEA27422910F}.Release|iPhone.ActiveCfg = Release|iPhone
		{D1297DD3-CC2D-47E0-81D1-FEA27422910F}.Release|iPhone.Build.0 = Release|iPhone
		{D1297DD3-CC2D-47E0-81D1-FEA27422910F}.Release|iPhone.Deploy.0 = Release|iPhone
		{D1297DD3-CC2D-47E0-81D1-FEA27422910F}.Release|iPhoneSimulator.ActiveCfg = Release|iPhoneSimulator
		{D1297DD3-CC2D-47E0-81D1-FEA27422910F}.Release|iPhoneSimulator.Build.0 = Release|iPhoneSimulator
		{D1297DD3-CC2D-47E0-81D1-FEA27422910F}.Release|iPhoneSimulator.Deploy.0 = Release|iPhoneSimulator
	EndGlobalSection
	GlobalSection(SolutionProperties) = preSolution
		HideSolutionNode = FALSE
	EndGlobalSection
	GlobalSection(ExtensibilityGlobals) = postSolution
		SolutionGuid = {583D1ACD-EF8F-4715-ABDB-E48F7A9A8195}
	EndGlobalSection
EndGlobal
